// !$*UTF8*$!
{
	archiveVersion = 1;
	classes = {
	};
	objectVersion = 46;
	objects = {

/* Begin PBXBuildFile section */
		15BB51871DD03F730014DC46 /* AppDelegate.swift in Sources */ = {isa = PBXBuildFile; fileRef = 15BB51861DD03F730014DC46 /* AppDelegate.swift */; };
		15BB51891DD03F730014DC46 /* ViewController.swift in Sources */ = {isa = PBXBuildFile; fileRef = 15BB51881DD03F730014DC46 /* ViewController.swift */; };
		15BB518C1DD03F730014DC46 /* Main.storyboard in Resources */ = {isa = PBXBuildFile; fileRef = 15BB518A1DD03F730014DC46 /* Main.storyboard */; };
		15BB518E1DD03F730014DC46 /* Assets.xcassets in Resources */ = {isa = PBXBuildFile; fileRef = 15BB518D1DD03F730014DC46 /* Assets.xcassets */; };
		15BB51911DD03F730014DC46 /* LaunchScreen.storyboard in Resources */ = {isa = PBXBuildFile; fileRef = 15BB518F1DD03F730014DC46 /* LaunchScreen.storyboard */; };
/* End PBXBuildFile section */

/* Begin PBXFileReference section */
		15BB51831DD03F730014DC46 /* returnKeyboard.app */ = {isa = PBXFileReference; explicitFileType = wrapper.application; includeInIndex = 0; path = returnKeyboard.app; sourceTree = BUILT_PRODUCTS_DIR; };
		15BB51861DD03F730014DC46 /* AppDelegate.swift */ = {isa = PBXFileReference; lastKnownFileType = sourcecode.swift; path = AppDelegate.swift; sourceTree = "<group>"; };
		15BB51881DD03F730014DC46 /* ViewController.swift */ = {isa = PBXFileReference; lastKnownFileType = sourcecode.swift; path = ViewController.swift; sourceTree = "<group>"; };
		15BB518B1DD03F730014DC46 /* Base */ = {isa = PBXFileReference; lastKnownFileType = file.storyboard; name = Base; path = Base.lproj/Main.storyboard; sourceTree = "<group>"; };
		15BB518D1DD03F730014DC46 /* Assets.xcassets */ = {isa = PBXFileReference; lastKnownFileType = folder.assetcatalog; path = Assets.xcassets; sourceTree = "<group>"; };
		15BB51901DD03F730014DC46 /* Base */ = {isa = PBXFileReference; lastKnownFileType = file.storyboard; name = Base; path = Base.lproj/LaunchScreen.storyboard; sourceTree = "<group>"; };
		15BB51921DD03F730014DC46 /* Info.plist */ = {isa = PBXFileReference; lastKnownFileType = text.plist.xml; path = Info.plist; sourceTree = "<group>"; };
/* End PBXFileReference section */

/* Begin PBXFrameworksBuildPhase section */
		15BB51801DD03F730014DC46 /* Frameworks */ = {
			isa = PBXFrameworksBuildPhase;
			buildActionMask = 2147483647;
			files = (
			);
			runOnlyForDeploymentPostprocessing = 0;
		};
/* End PBXFrameworksBuildPhase section */

/* Begin PBXGroup section */
		15BB517A1DD03F730014DC46 = {
			isa = PBXGroup;
			children = (
				15BB51851DD03F730014DC46 /* returnKeyboard */,
				15BB51841DD03F730014DC46 /* Products */,
			);
			sourceTree = "<group>";
		};
		15BB51841DD03F730014DC46 /* Products */ = {
			isa = PBXGroup;
			children = (
				15BB51831DD03F730014DC46 /* returnKeyboard.app */,
			);
			name = Products;
			sourceTree = "<group>";
		};
		15BB51851DD03F730014DC46 /* returnKeyboard */ = {
			isa = PBXGroup;
			children = (
				15BB51861DD03F730014DC46 /* AppDelegate.swift */,
				15BB51881DD03F730014DC46 /* ViewController.swift */,
				15BB518A1DD03F730014DC46 /* Main.storyboard */,
				15BB518D1DD03F730014DC46 /* Assets.xcassets */,
				15BB518F1DD03F730014DC46 /* LaunchScreen.storyboard */,
				15BB51921DD03F730014DC46 /* Info.plist */,
			);
			path = returnKeyboard;
			sourceTree = "<group>";
		};
/* End PBXGroup section */

/* Begin PBXNativeTarget section */
		15BB51821DD03F730014DC46 /* returnKeyboard */ = {
			isa = PBXNativeTarget;
			buildConfigurationList = 15BB51951DD03F730014DC46 /* Build configuration list for PBXNativeTarget "returnKeyboard" */;
			buildPhases = (
				15BB517F1DD03F730014DC46 /* Sources */,
				15BB51801DD03F730014DC46 /* Frameworks */,
				15BB51811DD03F730014DC46 /* Resources */,
			);
			buildRules = (
			);
			dependencies = (
			);
			name = returnKeyboard;
			productName = returnKeyboard;
			productReference = 15BB51831DD03F730014DC46 /* returnKeyboard.app */;
			productType = "com.apple.product-type.application";
		};
/* End PBXNativeTarget section */

/* Begin PBXProject section */
		15BB517B1DD03F730014DC46 /* Project object */ = {
			isa = PBXProject;
			attributes = {
				LastSwiftUpdateCheck = 0810;
				LastUpgradeCheck = 0810;
				ORGANIZATIONNAME = zeroplus;
				TargetAttributes = {
					15BB51821DD03F730014DC46 = {
						CreatedOnToolsVersion = 8.1;
						ProvisioningStyle = Automatic;
					};
				};
			};
			buildConfigurationList = 15BB517E1DD03F730014DC46 /* Build configuration list for PBXProject "returnKeyboard" */;
			compatibilityVersion = "Xcode 3.2";
			developmentRegion = English;
			hasScannedForEncodings = 0;
			knownRegions = (
				en,
				Base,
			);
			mainGroup = 15BB517A1DD03F730014DC46;
			productRefGroup = 15BB51841DD03F730014DC46 /* Products */;
			projectDirPath = "";
			projectRoot = "";
			targets = (
				15BB51821DD03F730014DC46 /* returnKeyboard */,
			);
		};
/* End PBXProject section */

/* Begin PBXResourcesBuildPhase section */
		15BB51811DD03F730014DC46 /* Resources */ = {
			isa = PBXResourcesBuildPhase;
			buildActionMask = 2147483647;
			files = (
				15BB51911DD03F730014DC46 /* LaunchScreen.storyboard in Resources */,
				15BB518E1DD03F730014DC46 /* Assets.xcassets in Resources */,
				15BB518C1DD03F730014DC46 /* Main.storyboard in Resources */,
			);
			runOnlyForDeploymentPostprocessing = 0;
		};
/* End PBXResourcesBuildPhase section */

/* Begin PBXSourcesBuildPhase section */
		15BB517F1DD03F730014DC46 /* Sources */ = {
			isa = PBXSourcesBuildPhase;
			buildActionMask = 2147483647;
			files = (
				15BB51891DD03F730014DC46 /* ViewController.swift in Sources */,
				15BB51871DD03F730014DC46 /* AppDelegate.swift in Sources */,
			);
			runOnlyForDeploymentPostprocessing = 0;
		};
/* End PBXSourcesBuildPhase section */

/* Begin PBXVariantGroup section */
		15BB518A1DD03F730014DC46 /* Main.storyboard */ = {
			isa = PBXVariantGroup;
			children = (
				15BB518B1DD03F730014DC46 /* Base */,
			);
			name = Main.storyboard;
			sourceTree = "<group>";
		};
		15BB518F1DD03F730014DC46 /* LaunchScreen.storyboard */ = {
			isa = PBXVariantGroup;
			children = (
				15BB51901DD03F730014DC46 /* Base */,
			);
			name = LaunchScreen.storyboard;
			sourceTree = "<group>";
		};
/* End PBXVariantGroup section */

/* Begin XCBuildConfiguration section */
		15BB51931DD03F730014DC46 /* Debug */ = {
			isa = XCBuildConfiguration;
			buildSettings = {
				ALWAYS_SEARCH_USER_PATHS = NO;
				CLANG_ANALYZER_NONNULL = YES;
				CLANG_CXX_LANGUAGE_STANDARD = "gnu++0x";
				CLANG_CXX_LIBRARY = "libc++";
				CLANG_ENABLE_MODULES = YES;
				CLANG_ENABLE_OBJC_ARC = YES;
				CLANG_WARN_BOOL_CONVERSION = YES;
				CLANG_WARN_CONSTANT_CONVERSION = YES;
				CLANG_WARN_DIRECT_OBJC_ISA_USAGE = YES_ERROR;
				CLANG_WARN_DOCUMENTATION_COMMENTS = YES;
				CLANG_WARN_EMPTY_BODY = YES;
				CLANG_WARN_ENUM_CONVERSION = YES;
				CLANG_WARN_INFINITE_RECURSION = YES;
				CLANG_WARN_INT_CONVERSION = YES;
				CLANG_WARN_OBJC_ROOT_CLASS = YES_ERROR;
				CLANG_WARN_SUSPICIOUS_MOVES = YES;
				CLANG_WARN_UNREACHABLE_CODE = YES;
				CLANG_WARN__DUPLICATE_METHOD_MATCH = YES;
				"CODE_SIGN_IDENTITY[sdk=iphoneos*]" = "iPhone Developer";
				COPY_PHASE_STRIP = NO;
				DEBUG_INFORMATION_FORMAT = dwarf;
				ENABLE_STRICT_OBJC_MSGSEND = YES;
				ENABLE_TESTABILITY = YES;
				GCC_C_LANGUAGE_STANDARD = gnu99;
				GCC_DYNAMIC_NO_PIC = NO;
				GCC_NO_COMMON_BLOCKS = YES;
				GCC_OPTIMIZATION_LEVEL = 0;
				GCC_PREPROCESSOR_DEFINITIONS = (
					"DEBUG=1",
					"$(inherited)",
				);
				GCC_WARN_64_TO_32_BIT_CONVERSION = YES;
				GCC_WARN_ABOUT_RETURN_TYPE = YES_ERROR;
				GCC_WARN_UNDECLARED_SELECTOR = YES;
				GCC_WARN_UNINITIALIZED_AUTOS = YES_AGGRESSIVE;
				GCC_WARN_UNUSED_FUNCTION = YES;
				GCC_WARN_UNUSED_VARIABLE = YES;
				IPHONEOS_DEPLOYMENT_TARGET = 10.1;
				MTL_ENABLE_DEBUG_INFO = YES;
				ONLY_ACTIVE_ARCH = YES;
				SDKROOT = iphoneos;
				SWIFT_ACTIVE_COMPILATION_CONDITIONS = DEBUG;
				SWIFT_OPTIMIZATION_LEVEL = "-Onone";
			};
			name = Debug;
		};
		15BB51941DD03F730014DC46 /* Release */ = {
			isa = XCBuildConfiguration;
			buildSettings = {
				ALWAYS_SEARCH_USER_PATHS = NO;
				CLANG_ANALYZER_NONNULL = YES;
				CLANG_CXX_LANGUAGE_STANDARD = "gnu++0x";
				CLANG_CXX_LIBRARY = "libc++";
				CLANG_ENABLE_MODULES = YES;
				CLANG_ENABLE_OBJC_ARC = YES;
				CLANG_WARN_BOOL_CONVERSION = YES;
				CLANG_WARN_CONSTANT_CONVERSION = YES;
				CLANG_WARN_DIRECT_OBJC_ISA_USAGE = YES_ERROR;
				CLANG_WARN_DOCUMENTATION_COMMENTS = YES;
				CLANG_WARN_EMPTY_BODY = YES;
				CLANG_WARN_ENUM_CONVERSION = YES;
				CLANG_WARN_INFINITE_RECURSION = YES;
				CLANG_WARN_INT_CONVERSION = YES;
				CLANG_WARN_OBJC_ROOT_CLASS = YES_ERROR;
				CLANG_WARN_SUSPICIOUS_MOVES = YES;
				CLANG_WARN_UNREACHABLE_CODE = YES;
				CLANG_WARN__DUPLICATE_METHOD_MATCH = YES;
				"CODE_SIGN_IDENTITY[sdk=iphoneos*]" = "iPhone Developer";
				COPY_PHASE_STRIP = NO;
				DEBUG_INFORMATION_FORMAT = "dwarf-with-dsym";
				ENABLE_NS_ASSERTIONS = NO;
				ENABLE_STRICT_OBJC_MSGSEND = YES;
				GCC_C_LANGUAGE_STANDARD = gnu99;
				GCC_NO_COMMON_BLOCKS = YES;
				GCC_WARN_64_TO_32_BIT_CONVERSION = YES;
				GCC_WARN_ABOUT_RETURN_TYPE = YES_ERROR;
				GCC_WARN_UNDECLARED_SELECTOR = YES;
				GCC_WARN_UNINITIALIZED_AUTOS = YES_AGGRESSIVE;
				GCC_WARN_UNUSED_FUNCTION = YES;
				GCC_WARN_UNUSED_VARIABLE = YES;
				IPHONEOS_DEPLOYMENT_TARGET = 10.1;
				MTL_ENABLE_DEBUG_INFO = NO;
				SDKROOT = iphoneos;
				SWIFT_OPTIMIZATION_LEVEL = "-Owholemodule";
				VALIDATE_PRODUCT = YES;
			};
			name = Release;
		};
		15BB51961DD03F730014DC46 /* Debug */ = {
			isa = XCBuildConfiguration;
			buildSettings = {
				ASSETCATALOG_COMPILER_APPICON_NAME = AppIcon;
				INFOPLIST_FILE = returnKeyboard/Info.plist;
				LD_RUNPATH_SEARCH_PATHS = "$(inherited) @executable_path/Frameworks";
				PRODUCT_BUNDLE_IDENTIFIER = com.zeroplus.returnKeyboard;
				PRODUCT_NAME = "$(TARGET_NAME)";
				SWIFT_VERSION = 3.0;
			};
			name = Debug;
		};
		15BB51971DD03F730014DC46 /* Release */ = {
			isa = XCBuildConfiguration;
			buildSettings = {
				ASSETCATALOG_COMPILER_APPICON_NAME = AppIcon;
				INFOPLIST_FILE = returnKeyboard/Info.plist;
				LD_RUNPATH_SEARCH_PATHS = "$(inherited) @executable_path/Frameworks";
				PRODUCT_BUNDLE_IDENTIFIER = com.zeroplus.returnKeyboard;
				PRODUCT_NAME = "$(TARGET_NAME)";
				SWIFT_VERSION = 3.0;
			};
			name = Release;
		};
/* End XCBuildConfiguration section */

/* Begin XCConfigurationList section */
		15BB517E1DD03F730014DC46 /* Build configuration list for PBXProject "returnKeyboard" */ = {
			isa = XCConfigurationList;
			buildConfigurations = (
				15BB51931DD03F730014DC46 /* Debug */,
				15BB51941DD03F730014DC46 /* Release */,
			);
			defaultConfigurationIsVisible = 0;
			defaultConfigurationName = Release;
		};
		15BB51951DD03F730014DC46 /* Build configuration list for PBXNativeTarget "returnKeyboard" */ = {
			isa = XCConfigurationList;
			buildConfigurations = (
				15BB51961DD03F730014DC46 /* Debug */,
				15BB51971DD03F730014DC46 /* Release */,
			);
			defaultConfigurationIsVisible = 0;
		};
/* End XCConfigurationList section */
	};
	rootObject = 15BB517B1DD03F730014DC46 /* Project object */;
}
